{
  "name": "projects",
  "lockfileVersion": 3,
  "requires": true,
  "packages": {
    "": {
      "name": "projects",
      "workspaces": [
        "apps/*"
      ]
    },
    "apps/github-pages": {
      "version": "1.0.0"
    },
    "node_modules/github-pages": {
      "resolved": "apps/github-pages",
      "link": true
    }
  }
}
